
Microsoft Visual Studio Solution File, Format Version 12.00
# Visual Studio 2012
Project("{FAE04EC0-301F-11D3-BF4B-00C04F79EFBC}") = "basic-angular-site", "basic-angular-site.csproj", "{2D4F557C-EFF8-44C0-B1C6-A25D318602AF}"
EndProject
Global
	GlobalSection(SolutionConfigurationPlatforms) = preSolution
		Debug|Any CPU = Debug|Any CPU
		Release|Any CPU = Release|Any CPU
	EndGlobalSection
	GlobalSection(ProjectConfigurationPlatforms) = postSolution
		{2D4F557C-EFF8-44C0-B1C6-A25D318602AF}.Debug|Any CPU.ActiveCfg = Debug|Any CPU
		{2D4F557C-EFF8-44C0-B1C6-A25D318602AF}.Debug|Any CPU.Build.0 = Debug|Any CPU
		{2D4F557C-EFF8-44C0-B1C6-A25D318602AF}.Release|Any CPU.ActiveCfg = Release|Any CPU
		{2D4F557C-EFF8-44C0-B1C6-A25D318602AF}.Release|Any CPU.Build.0 = Release|Any CPU
	EndGlobalSection
	GlobalSection(SolutionProperties) = preSolution
		HideSolutionNode = FALSE
	EndGlobalSection
EndGlobal
